
Microsoft Visual Studio Solution File, Format Version 12.00
# Visual Studio Version 17
VisualStudioVersion = 17.0.32014.148
MinimumVisualStudioVersion = 10.0.40219.1
Project("{FAE04EC0-301F-11D3-BF4B-00C04F79EFBC}") = "EFCore-Relations", "EFCore-Relations\EFCore-Relations.csproj", "{549EA1AB-DD4C-43C8-916B-29EF0D4BB940}"
EndProject
Global
	GlobalSection(SolutionConfigurationPlatforms) = preSolution
		Debug|Any CPU = Debug|Any CPU
		Release|Any CPU = Release|Any CPU
	EndGlobalSection
	GlobalSection(ProjectConfigurationPlatforms) = postSolution
		{549EA1AB-DD4C-43C8-916B-29EF0D4BB940}.Debug|Any CPU.ActiveCfg = Debug|Any CPU
		{549EA1AB-DD4C-43C8-916B-29EF0D4BB940}.Debug|Any CPU.Build.0 = Debug|Any CPU
		{549EA1AB-DD4C-43C8-916B-29EF0D4BB940}.Release|Any CPU.ActiveCfg = Release|Any CPU
		{549EA1AB-DD4C-43C8-916B-29EF0D4BB940}.Release|Any CPU.Build.0 = Release|Any CPU
	EndGlobalSection
	GlobalSection(SolutionProperties) = preSolution
		HideSolutionNode = FALSE
	EndGlobalSection
	GlobalSection(ExtensibilityGlobals) = postSolution
		SolutionGuid = {B48EEB88-6D73-45B9-987D-05C65F7FDC39}
	EndGlobalSection
EndGlobal
